// !$*UTF8*$!
{
	archiveVersion = 1;
	classes = {
	};
	objectVersion = 55;
	objects = {

/* Begin PBXBuildFile section */
		CB282E34278F7A0F00121FC0 /* DetailsPresenter.swift in Sources */ = {isa = PBXBuildFile; fileRef = CB282E2F278F7A0F00121FC0 /* DetailsPresenter.swift */; };
		CB282E35278F7A0F00121FC0 /* DetailsRouter.swift in Sources */ = {isa = PBXBuildFile; fileRef = CB282E30278F7A0F00121FC0 /* DetailsRouter.swift */; };
		CB282E36278F7A0F00121FC0 /* DetailsModels.swift in Sources */ = {isa = PBXBuildFile; fileRef = CB282E31278F7A0F00121FC0 /* DetailsModels.swift */; };
		CB282E37278F7A0F00121FC0 /* DetailsViewController.swift in Sources */ = {isa = PBXBuildFile; fileRef = CB282E32278F7A0F00121FC0 /* DetailsViewController.swift */; };
		CB282E38278F7A0F00121FC0 /* DetailsInteractor.swift in Sources */ = {isa = PBXBuildFile; fileRef = CB282E33278F7A0F00121FC0 /* DetailsInteractor.swift */; };
		CB282E3A278F817300121FC0 /* TodayHeader.swift in Sources */ = {isa = PBXBuildFile; fileRef = CB282E39278F817300121FC0 /* TodayHeader.swift */; };
		CB282E3C278F9EE900121FC0 /* DetailsWorker.swift in Sources */ = {isa = PBXBuildFile; fileRef = CB282E3B278F9EE900121FC0 /* DetailsWorker.swift */; };
		CB282E3F279019E700121FC0 /* DetailsFooter.swift in Sources */ = {isa = PBXBuildFile; fileRef = CB282E3E279019E700121FC0 /* DetailsFooter.swift */; };
		CB282E42279021C500121FC0 /* TransitionManager.swift in Sources */ = {isa = PBXBuildFile; fileRef = CB282E41279021C500121FC0 /* TransitionManager.swift */; };
		CB282E442790888E00121FC0 /* MainTabbarController.swift in Sources */ = {isa = PBXBuildFile; fileRef = CB282E432790888D00121FC0 /* MainTabbarController.swift */; };
		CB282E4B27908F9D00121FC0 /* SearchPresenter.swift in Sources */ = {isa = PBXBuildFile; fileRef = CB282E4627908F9C00121FC0 /* SearchPresenter.swift */; };
		CB282E4C27908F9D00121FC0 /* SearchRouter.swift in Sources */ = {isa = PBXBuildFile; fileRef = CB282E4727908F9C00121FC0 /* SearchRouter.swift */; };
		CB282E4D27908F9D00121FC0 /* SearchModels.swift in Sources */ = {isa = PBXBuildFile; fileRef = CB282E4827908F9C00121FC0 /* SearchModels.swift */; };
		CB282E4E27908F9D00121FC0 /* SearchViewController.swift in Sources */ = {isa = PBXBuildFile; fileRef = CB282E4927908F9C00121FC0 /* SearchViewController.swift */; };
		CB282E4F27908F9D00121FC0 /* SearchInteractor.swift in Sources */ = {isa = PBXBuildFile; fileRef = CB282E4A27908F9C00121FC0 /* SearchInteractor.swift */; };
		CB282E51279095BD00121FC0 /* CollectionViewFactory.swift in Sources */ = {isa = PBXBuildFile; fileRef = CB282E50279095BD00121FC0 /* CollectionViewFactory.swift */; };
		CB282E5327909B5300121FC0 /* PictureModel.swift in Sources */ = {isa = PBXBuildFile; fileRef = CB282E5227909B5300121FC0 /* PictureModel.swift */; };
		CB282E5527909D9100121FC0 /* SearchWorker.swift in Sources */ = {isa = PBXBuildFile; fileRef = CB282E5427909D9100121FC0 /* SearchWorker.swift */; };
		CB9B1405278EC0D90057DDD9 /* AppDelegate.swift in Sources */ = {isa = PBXBuildFile; fileRef = CB9B1404278EC0D90057DDD9 /* AppDelegate.swift */; };
		CB9B1407278EC0D90057DDD9 /* SceneDelegate.swift in Sources */ = {isa = PBXBuildFile; fileRef = CB9B1406278EC0D90057DDD9 /* SceneDelegate.swift */; };
		CB9B140E278EC0DB0057DDD9 /* Assets.xcassets in Resources */ = {isa = PBXBuildFile; fileRef = CB9B140D278EC0DB0057DDD9 /* Assets.xcassets */; };
		CB9B1411278EC0DB0057DDD9 /* LaunchScreen.storyboard in Resources */ = {isa = PBXBuildFile; fileRef = CB9B140F278EC0DB0057DDD9 /* LaunchScreen.storyboard */; };
		CB9B141C278EC0DB0057DDD9 /* PicturePickerTests.swift in Sources */ = {isa = PBXBuildFile; fileRef = CB9B141B278EC0DB0057DDD9 /* PicturePickerTests.swift */; };
		CB9B1426278EC0DB0057DDD9 /* PicturePickerUITests.swift in Sources */ = {isa = PBXBuildFile; fileRef = CB9B1425278EC0DB0057DDD9 /* PicturePickerUITests.swift */; };
		CB9B1428278EC0DB0057DDD9 /* PicturePickerUITestsLaunchTests.swift in Sources */ = {isa = PBXBuildFile; fileRef = CB9B1427278EC0DB0057DDD9 /* PicturePickerUITestsLaunchTests.swift */; };
		CB9B143A278EC1460057DDD9 /* TodayPresenter.swift in Sources */ = {isa = PBXBuildFile; fileRef = CB9B1435278EC1460057DDD9 /* TodayPresenter.swift */; };
		CB9B143B278EC1460057DDD9 /* TodayRouter.swift in Sources */ = {isa = PBXBuildFile; fileRef = CB9B1436278EC1460057DDD9 /* TodayRouter.swift */; };
		CB9B143C278EC1460057DDD9 /* TodayModels.swift in Sources */ = {isa = PBXBuildFile; fileRef = CB9B1437278EC1460057DDD9 /* TodayModels.swift */; };
		CB9B143D278EC1460057DDD9 /* TodayViewController.swift in Sources */ = {isa = PBXBuildFile; fileRef = CB9B1438278EC1460057DDD9 /* TodayViewController.swift */; };
		CB9B143E278EC1460057DDD9 /* TodayInteractor.swift in Sources */ = {isa = PBXBuildFile; fileRef = CB9B1439278EC1460057DDD9 /* TodayInteractor.swift */; };
		CB9B1440278EC4530057DDD9 /* Environment.swift in Sources */ = {isa = PBXBuildFile; fileRef = CB9B143F278EC4530057DDD9 /* Environment.swift */; };
		CB9B1442278ECB500057DDD9 /* TodayWorker.swift in Sources */ = {isa = PBXBuildFile; fileRef = CB9B1441278ECB500057DDD9 /* TodayWorker.swift */; };
		CB9B1444278ECB630057DDD9 /* NetworkService.swift in Sources */ = {isa = PBXBuildFile; fileRef = CB9B1443278ECB630057DDD9 /* NetworkService.swift */; };
		CB9B1446278EDB920057DDD9 /* PhotoModel.swift in Sources */ = {isa = PBXBuildFile; fileRef = CB9B1445278EDB920057DDD9 /* PhotoModel.swift */; };
		CB9B144D278F27010057DDD9 /* UIView+Extension.swift in Sources */ = {isa = PBXBuildFile; fileRef = CB9B144C278F27010057DDD9 /* UIView+Extension.swift */; };
		CB9B1450278F5DE00057DDD9 /* TodayCell.swift in Sources */ = {isa = PBXBuildFile; fileRef = CB9B144F278F5DE00057DDD9 /* TodayCell.swift */; };
		CB9B1452278F648B0057DDD9 /* UIImageView+Extensions.swift in Sources */ = {isa = PBXBuildFile; fileRef = CB9B1451278F648B0057DDD9 /* UIImageView+Extensions.swift */; };
/* End PBXBuildFile section */

/* Begin PBXContainerItemProxy section */
		CB9B1418278EC0DB0057DDD9 /* PBXContainerItemProxy */ = {
			isa = PBXContainerItemProxy;
			containerPortal = CB9B13F9278EC0D90057DDD9 /* Project object */;
			proxyType = 1;
			remoteGlobalIDString = CB9B1400278EC0D90057DDD9;
			remoteInfo = PicturePicker;
		};
		CB9B1422278EC0DB0057DDD9 /* PBXContainerItemProxy */ = {
			isa = PBXContainerItemProxy;
			containerPortal = CB9B13F9278EC0D90057DDD9 /* Project object */;
			proxyType = 1;
			remoteGlobalIDString = CB9B1400278EC0D90057DDD9;
			remoteInfo = PicturePicker;
		};
/* End PBXContainerItemProxy section */

/* Begin PBXFileReference section */
		CB282E2F278F7A0F00121FC0 /* DetailsPresenter.swift */ = {isa = PBXFileReference; lastKnownFileType = sourcecode.swift; path = DetailsPresenter.swift; sourceTree = "<group>"; };
		CB282E30278F7A0F00121FC0 /* DetailsRouter.swift */ = {isa = PBXFileReference; lastKnownFileType = sourcecode.swift; path = DetailsRouter.swift; sourceTree = "<group>"; };
		CB282E31278F7A0F00121FC0 /* DetailsModels.swift */ = {isa = PBXFileReference; lastKnownFileType = sourcecode.swift; path = DetailsModels.swift; sourceTree = "<group>"; };
		CB282E32278F7A0F00121FC0 /* DetailsViewController.swift */ = {isa = PBXFileReference; lastKnownFileType = sourcecode.swift; path = DetailsViewController.swift; sourceTree = "<group>"; };
		CB282E33278F7A0F00121FC0 /* DetailsInteractor.swift */ = {isa = PBXFileReference; lastKnownFileType = sourcecode.swift; path = DetailsInteractor.swift; sourceTree = "<group>"; };
		CB282E39278F817300121FC0 /* TodayHeader.swift */ = {isa = PBXFileReference; lastKnownFileType = sourcecode.swift; path = TodayHeader.swift; sourceTree = "<group>"; };
		CB282E3B278F9EE900121FC0 /* DetailsWorker.swift */ = {isa = PBXFileReference; lastKnownFileType = sourcecode.swift; path = DetailsWorker.swift; sourceTree = "<group>"; };
		CB282E3E279019E700121FC0 /* DetailsFooter.swift */ = {isa = PBXFileReference; lastKnownFileType = sourcecode.swift; path = DetailsFooter.swift; sourceTree = "<group>"; };
		CB282E41279021C500121FC0 /* TransitionManager.swift */ = {isa = PBXFileReference; lastKnownFileType = sourcecode.swift; path = TransitionManager.swift; sourceTree = "<group>"; };
		CB282E432790888D00121FC0 /* MainTabbarController.swift */ = {isa = PBXFileReference; lastKnownFileType = sourcecode.swift; path = MainTabbarController.swift; sourceTree = "<group>"; };
		CB282E4627908F9C00121FC0 /* SearchPresenter.swift */ = {isa = PBXFileReference; lastKnownFileType = sourcecode.swift; path = SearchPresenter.swift; sourceTree = "<group>"; };
		CB282E4727908F9C00121FC0 /* SearchRouter.swift */ = {isa = PBXFileReference; lastKnownFileType = sourcecode.swift; path = SearchRouter.swift; sourceTree = "<group>"; };
		CB282E4827908F9C00121FC0 /* SearchModels.swift */ = {isa = PBXFileReference; lastKnownFileType = sourcecode.swift; path = SearchModels.swift; sourceTree = "<group>"; };
		CB282E4927908F9C00121FC0 /* SearchViewController.swift */ = {isa = PBXFileReference; lastKnownFileType = sourcecode.swift; path = SearchViewController.swift; sourceTree = "<group>"; };
		CB282E4A27908F9C00121FC0 /* SearchInteractor.swift */ = {isa = PBXFileReference; lastKnownFileType = sourcecode.swift; path = SearchInteractor.swift; sourceTree = "<group>"; };
		CB282E50279095BD00121FC0 /* CollectionViewFactory.swift */ = {isa = PBXFileReference; lastKnownFileType = sourcecode.swift; path = CollectionViewFactory.swift; sourceTree = "<group>"; };
		CB282E5227909B5300121FC0 /* PictureModel.swift */ = {isa = PBXFileReference; lastKnownFileType = sourcecode.swift; path = PictureModel.swift; sourceTree = "<group>"; };
		CB282E5427909D9100121FC0 /* SearchWorker.swift */ = {isa = PBXFileReference; lastKnownFileType = sourcecode.swift; path = SearchWorker.swift; sourceTree = "<group>"; };
		CB9B1401278EC0D90057DDD9 /* PicturePicker.app */ = {isa = PBXFileReference; explicitFileType = wrapper.application; includeInIndex = 0; path = PicturePicker.app; sourceTree = BUILT_PRODUCTS_DIR; };
		CB9B1404278EC0D90057DDD9 /* AppDelegate.swift */ = {isa = PBXFileReference; lastKnownFileType = sourcecode.swift; path = AppDelegate.swift; sourceTree = "<group>"; };
		CB9B1406278EC0D90057DDD9 /* SceneDelegate.swift */ = {isa = PBXFileReference; lastKnownFileType = sourcecode.swift; path = SceneDelegate.swift; sourceTree = "<group>"; };
		CB9B140D278EC0DB0057DDD9 /* Assets.xcassets */ = {isa = PBXFileReference; lastKnownFileType = folder.assetcatalog; path = Assets.xcassets; sourceTree = "<group>"; };
		CB9B1410278EC0DB0057DDD9 /* Base */ = {isa = PBXFileReference; lastKnownFileType = file.storyboard; name = Base; path = Base.lproj/LaunchScreen.storyboard; sourceTree = "<group>"; };
		CB9B1412278EC0DB0057DDD9 /* Info.plist */ = {isa = PBXFileReference; lastKnownFileType = text.plist.xml; path = Info.plist; sourceTree = "<group>"; };
		CB9B1417278EC0DB0057DDD9 /* PicturePickerTests.xctest */ = {isa = PBXFileReference; explicitFileType = wrapper.cfbundle; includeInIndex = 0; path = PicturePickerTests.xctest; sourceTree = BUILT_PRODUCTS_DIR; };
		CB9B141B278EC0DB0057DDD9 /* PicturePickerTests.swift */ = {isa = PBXFileReference; lastKnownFileType = sourcecode.swift; path = PicturePickerTests.swift; sourceTree = "<group>"; };
		CB9B1421278EC0DB0057DDD9 /* PicturePickerUITests.xctest */ = {isa = PBXFileReference; explicitFileType = wrapper.cfbundle; includeInIndex = 0; path = PicturePickerUITests.xctest; sourceTree = BUILT_PRODUCTS_DIR; };
		CB9B1425278EC0DB0057DDD9 /* PicturePickerUITests.swift */ = {isa = PBXFileReference; lastKnownFileType = sourcecode.swift; path = PicturePickerUITests.swift; sourceTree = "<group>"; };
		CB9B1427278EC0DB0057DDD9 /* PicturePickerUITestsLaunchTests.swift */ = {isa = PBXFileReference; lastKnownFileType = sourcecode.swift; path = PicturePickerUITestsLaunchTests.swift; sourceTree = "<group>"; };
		CB9B1435278EC1460057DDD9 /* TodayPresenter.swift */ = {isa = PBXFileReference; lastKnownFileType = sourcecode.swift; path = TodayPresenter.swift; sourceTree = "<group>"; };
		CB9B1436278EC1460057DDD9 /* TodayRouter.swift */ = {isa = PBXFileReference; lastKnownFileType = sourcecode.swift; path = TodayRouter.swift; sourceTree = "<group>"; };
		CB9B1437278EC1460057DDD9 /* TodayModels.swift */ = {isa = PBXFileReference; lastKnownFileType = sourcecode.swift; path = TodayModels.swift; sourceTree = "<group>"; };
		CB9B1438278EC1460057DDD9 /* TodayViewController.swift */ = {isa = PBXFileReference; lastKnownFileType = sourcecode.swift; path = TodayViewController.swift; sourceTree = "<group>"; };
		CB9B1439278EC1460057DDD9 /* TodayInteractor.swift */ = {isa = PBXFileReference; lastKnownFileType = sourcecode.swift; path = TodayInteractor.swift; sourceTree = "<group>"; };
		CB9B143F278EC4530057DDD9 /* Environment.swift */ = {isa = PBXFileReference; lastKnownFileType = sourcecode.swift; path = Environment.swift; sourceTree = "<group>"; };
		CB9B1441278ECB500057DDD9 /* TodayWorker.swift */ = {isa = PBXFileReference; lastKnownFileType = sourcecode.swift; path = TodayWorker.swift; sourceTree = "<group>"; };
		CB9B1443278ECB630057DDD9 /* NetworkService.swift */ = {isa = PBXFileReference; lastKnownFileType = sourcecode.swift; path = NetworkService.swift; sourceTree = "<group>"; };
		CB9B1445278EDB920057DDD9 /* PhotoModel.swift */ = {isa = PBXFileReference; lastKnownFileType = sourcecode.swift; path = PhotoModel.swift; sourceTree = "<group>"; };
		CB9B144C278F27010057DDD9 /* UIView+Extension.swift */ = {isa = PBXFileReference; lastKnownFileType = sourcecode.swift; path = "UIView+Extension.swift"; sourceTree = "<group>"; };
		CB9B144F278F5DE00057DDD9 /* TodayCell.swift */ = {isa = PBXFileReference; lastKnownFileType = sourcecode.swift; path = TodayCell.swift; sourceTree = "<group>"; };
		CB9B1451278F648B0057DDD9 /* UIImageView+Extensions.swift */ = {isa = PBXFileReference; lastKnownFileType = sourcecode.swift; path = "UIImageView+Extensions.swift"; sourceTree = "<group>"; };
/* End PBXFileReference section */

/* Begin PBXFrameworksBuildPhase section */
		CB9B13FE278EC0D90057DDD9 /* Frameworks */ = {
			isa = PBXFrameworksBuildPhase;
			buildActionMask = 2147483647;
			files = (
			);
			runOnlyForDeploymentPostprocessing = 0;
		};
		CB9B1414278EC0DB0057DDD9 /* Frameworks */ = {
			isa = PBXFrameworksBuildPhase;
			buildActionMask = 2147483647;
			files = (
			);
			runOnlyForDeploymentPostprocessing = 0;
		};
		CB9B141E278EC0DB0057DDD9 /* Frameworks */ = {
			isa = PBXFrameworksBuildPhase;
			buildActionMask = 2147483647;
			files = (
			);
			runOnlyForDeploymentPostprocessing = 0;
		};
/* End PBXFrameworksBuildPhase section */

/* Begin PBXGroup section */
		CB282E2D278F79F000121FC0 /* Today */ = {
			isa = PBXGroup;
			children = (
				CB9B144E278F5DCD0057DDD9 /* Cells */,
				CB9B1441278ECB500057DDD9 /* TodayWorker.swift */,
				CB9B1435278EC1460057DDD9 /* TodayPresenter.swift */,
				CB9B1436278EC1460057DDD9 /* TodayRouter.swift */,
				CB9B1437278EC1460057DDD9 /* TodayModels.swift */,
				CB9B1438278EC1460057DDD9 /* TodayViewController.swift */,
				CB9B1439278EC1460057DDD9 /* TodayInteractor.swift */,
			);
			path = Today;
			sourceTree = "<group>";
		};
		CB282E2E278F79F800121FC0 /* Details */ = {
			isa = PBXGroup;
			children = (
				CB282E3D278FAD6500121FC0 /* Cells */,
				CB282E2F278F7A0F00121FC0 /* DetailsPresenter.swift */,
				CB282E30278F7A0F00121FC0 /* DetailsRouter.swift */,
				CB282E31278F7A0F00121FC0 /* DetailsModels.swift */,
				CB282E32278F7A0F00121FC0 /* DetailsViewController.swift */,
				CB282E33278F7A0F00121FC0 /* DetailsInteractor.swift */,
				CB282E3B278F9EE900121FC0 /* DetailsWorker.swift */,
			);
			path = Details;
			sourceTree = "<group>";
		};
		CB282E3D278FAD6500121FC0 /* Cells */ = {
			isa = PBXGroup;
			children = (
				CB282E3E279019E700121FC0 /* DetailsFooter.swift */,
			);
			path = Cells;
			sourceTree = "<group>";
		};
		CB282E40279021B500121FC0 /* Commons */ = {
			isa = PBXGroup;
			children = (
				CB282E41279021C500121FC0 /* TransitionManager.swift */,
				CB282E50279095BD00121FC0 /* CollectionViewFactory.swift */,
				CB282E5227909B5300121FC0 /* PictureModel.swift */,
			);
			path = Commons;
			sourceTree = "<group>";
		};
		CB282E4527908F8300121FC0 /* Search */ = {
			isa = PBXGroup;
			children = (
				CB282E4627908F9C00121FC0 /* SearchPresenter.swift */,
				CB282E4727908F9C00121FC0 /* SearchRouter.swift */,
				CB282E4827908F9C00121FC0 /* SearchModels.swift */,
				CB282E4927908F9C00121FC0 /* SearchViewController.swift */,
				CB282E4A27908F9C00121FC0 /* SearchInteractor.swift */,
				CB282E5427909D9100121FC0 /* SearchWorker.swift */,
			);
			path = Search;
			sourceTree = "<group>";
		};
		CB282E562790D51B00121FC0 /* Networking */ = {
			isa = PBXGroup;
			children = (
				CB9B143F278EC4530057DDD9 /* Environment.swift */,
				CB9B1443278ECB630057DDD9 /* NetworkService.swift */,
				CB9B1447278EDB9D0057DDD9 /* Decodable */,
			);
			path = Networking;
			sourceTree = "<group>";
		};
		CB9B13F8278EC0D90057DDD9 = {
			isa = PBXGroup;
			children = (
				CB9B1403278EC0D90057DDD9 /* PicturePicker */,
				CB9B141A278EC0DB0057DDD9 /* PicturePickerTests */,
				CB9B1424278EC0DB0057DDD9 /* PicturePickerUITests */,
				CB9B1402278EC0D90057DDD9 /* Products */,
			);
			sourceTree = "<group>";
		};
		CB9B1402278EC0D90057DDD9 /* Products */ = {
			isa = PBXGroup;
			children = (
				CB9B1401278EC0D90057DDD9 /* PicturePicker.app */,
				CB9B1417278EC0DB0057DDD9 /* PicturePickerTests.xctest */,
				CB9B1421278EC0DB0057DDD9 /* PicturePickerUITests.xctest */,
			);
			name = Products;
			sourceTree = "<group>";
		};
		CB9B1403278EC0D90057DDD9 /* PicturePicker */ = {
			isa = PBXGroup;
			children = (
				CB282E562790D51B00121FC0 /* Networking */,
				CB282E40279021B500121FC0 /* Commons */,
				CB9B144B278F26EA0057DDD9 /* Extensions */,
				CB9B1434278EC10B0057DDD9 /* Scenes */,
				CB9B1404278EC0D90057DDD9 /* AppDelegate.swift */,
				CB9B1406278EC0D90057DDD9 /* SceneDelegate.swift */,
				CB9B140D278EC0DB0057DDD9 /* Assets.xcassets */,
				CB9B140F278EC0DB0057DDD9 /* LaunchScreen.storyboard */,
				CB9B1412278EC0DB0057DDD9 /* Info.plist */,
			);
			path = PicturePicker;
			sourceTree = "<group>";
		};
		CB9B141A278EC0DB0057DDD9 /* PicturePickerTests */ = {
			isa = PBXGroup;
			children = (
				CB9B141B278EC0DB0057DDD9 /* PicturePickerTests.swift */,
			);
			path = PicturePickerTests;
			sourceTree = "<group>";
		};
		CB9B1424278EC0DB0057DDD9 /* PicturePickerUITests */ = {
			isa = PBXGroup;
			children = (
				CB9B1425278EC0DB0057DDD9 /* PicturePickerUITests.swift */,
				CB9B1427278EC0DB0057DDD9 /* PicturePickerUITestsLaunchTests.swift */,
			);
			path = PicturePickerUITests;
			sourceTree = "<group>";
		};
		CB9B1434278EC10B0057DDD9 /* Scenes */ = {
			isa = PBXGroup;
			children = (
				CB282E4527908F8300121FC0 /* Search */,
				CB282E2E278F79F800121FC0 /* Details */,
				CB282E2D278F79F000121FC0 /* Today */,
				CB282E432790888D00121FC0 /* MainTabbarController.swift */,
			);
			path = Scenes;
			sourceTree = "<group>";
		};
		CB9B1447278EDB9D0057DDD9 /* Decodable */ = {
			isa = PBXGroup;
			children = (
				CB9B1445278EDB920057DDD9 /* PhotoModel.swift */,
			);
			path = Decodable;
			sourceTree = "<group>";
		};
		CB9B144B278F26EA0057DDD9 /* Extensions */ = {
			isa = PBXGroup;
			children = (
				CB9B144C278F27010057DDD9 /* UIView+Extension.swift */,
				CB9B1451278F648B0057DDD9 /* UIImageView+Extensions.swift */,
			);
			path = Extensions;
			sourceTree = "<group>";
		};
		CB9B144E278F5DCD0057DDD9 /* Cells */ = {
			isa = PBXGroup;
			children = (
				CB9B144F278F5DE00057DDD9 /* TodayCell.swift */,
				CB282E39278F817300121FC0 /* TodayHeader.swift */,
			);
			path = Cells;
			sourceTree = "<group>";
		};
/* End PBXGroup section */

/* Begin PBXNativeTarget section */
		CB9B1400278EC0D90057DDD9 /* PicturePicker */ = {
			isa = PBXNativeTarget;
			buildConfigurationList = CB9B142B278EC0DB0057DDD9 /* Build configuration list for PBXNativeTarget "PicturePicker" */;
			buildPhases = (
				CB9B13FD278EC0D90057DDD9 /* Sources */,
				CB9B13FE278EC0D90057DDD9 /* Frameworks */,
				CB9B13FF278EC0D90057DDD9 /* Resources */,
			);
			buildRules = (
			);
			dependencies = (
			);
			name = PicturePicker;
			productName = PicturePicker;
			productReference = CB9B1401278EC0D90057DDD9 /* PicturePicker.app */;
			productType = "com.apple.product-type.application";
		};
		CB9B1416278EC0DB0057DDD9 /* PicturePickerTests */ = {
			isa = PBXNativeTarget;
			buildConfigurationList = CB9B142E278EC0DB0057DDD9 /* Build configuration list for PBXNativeTarget "PicturePickerTests" */;
			buildPhases = (
				CB9B1413278EC0DB0057DDD9 /* Sources */,
				CB9B1414278EC0DB0057DDD9 /* Frameworks */,
				CB9B1415278EC0DB0057DDD9 /* Resources */,
			);
			buildRules = (
			);
			dependencies = (
				CB9B1419278EC0DB0057DDD9 /* PBXTargetDependency */,
			);
			name = PicturePickerTests;
			productName = PicturePickerTests;
			productReference = CB9B1417278EC0DB0057DDD9 /* PicturePickerTests.xctest */;
			productType = "com.apple.product-type.bundle.unit-test";
		};
		CB9B1420278EC0DB0057DDD9 /* PicturePickerUITests */ = {
			isa = PBXNativeTarget;
			buildConfigurationList = CB9B1431278EC0DB0057DDD9 /* Build configuration list for PBXNativeTarget "PicturePickerUITests" */;
			buildPhases = (
				CB9B141D278EC0DB0057DDD9 /* Sources */,
				CB9B141E278EC0DB0057DDD9 /* Frameworks */,
				CB9B141F278EC0DB0057DDD9 /* Resources */,
			);
			buildRules = (
			);
			dependencies = (
				CB9B1423278EC0DB0057DDD9 /* PBXTargetDependency */,
			);
			name = PicturePickerUITests;
			productName = PicturePickerUITests;
			productReference = CB9B1421278EC0DB0057DDD9 /* PicturePickerUITests.xctest */;
			productType = "com.apple.product-type.bundle.ui-testing";
		};
/* End PBXNativeTarget section */

/* Begin PBXProject section */
		CB9B13F9278EC0D90057DDD9 /* Project object */ = {
			isa = PBXProject;
			attributes = {
				BuildIndependentTargetsInParallel = 1;
				LastSwiftUpdateCheck = 1310;
				LastUpgradeCheck = 1310;
				TargetAttributes = {
					CB9B1400278EC0D90057DDD9 = {
						CreatedOnToolsVersion = 13.1;
					};
					CB9B1416278EC0DB0057DDD9 = {
						CreatedOnToolsVersion = 13.1;
						TestTargetID = CB9B1400278EC0D90057DDD9;
					};
					CB9B1420278EC0DB0057DDD9 = {
						CreatedOnToolsVersion = 13.1;
						TestTargetID = CB9B1400278EC0D90057DDD9;
					};
				};
			};
			buildConfigurationList = CB9B13FC278EC0D90057DDD9 /* Build configuration list for PBXProject "PicturePicker" */;
			compatibilityVersion = "Xcode 13.0";
			developmentRegion = en;
			hasScannedForEncodings = 0;
			knownRegions = (
				en,
				Base,
			);
			mainGroup = CB9B13F8278EC0D90057DDD9;
			productRefGroup = CB9B1402278EC0D90057DDD9 /* Products */;
			projectDirPath = "";
			projectRoot = "";
			targets = (
				CB9B1400278EC0D90057DDD9 /* PicturePicker */,
				CB9B1416278EC0DB0057DDD9 /* PicturePickerTests */,
				CB9B1420278EC0DB0057DDD9 /* PicturePickerUITests */,
			);
		};
/* End PBXProject section */

/* Begin PBXResourcesBuildPhase section */
		CB9B13FF278EC0D90057DDD9 /* Resources */ = {
			isa = PBXResourcesBuildPhase;
			buildActionMask = 2147483647;
			files = (
				CB9B1411278EC0DB0057DDD9 /* LaunchScreen.storyboard in Resources */,
				CB9B140E278EC0DB0057DDD9 /* Assets.xcassets in Resources */,
			);
			runOnlyForDeploymentPostprocessing = 0;
		};
		CB9B1415278EC0DB0057DDD9 /* Resources */ = {
			isa = PBXResourcesBuildPhase;
			buildActionMask = 2147483647;
			files = (
			);
			runOnlyForDeploymentPostprocessing = 0;
		};
		CB9B141F278EC0DB0057DDD9 /* Resources */ = {
			isa = PBXResourcesBuildPhase;
			buildActionMask = 2147483647;
			files = (
			);
			runOnlyForDeploymentPostprocessing = 0;
		};
/* End PBXResourcesBuildPhase section */

/* Begin PBXSourcesBuildPhase section */
		CB9B13FD278EC0D90057DDD9 /* Sources */ = {
			isa = PBXSourcesBuildPhase;
			buildActionMask = 2147483647;
			files = (
				CB9B1452278F648B0057DDD9 /* UIImageView+Extensions.swift in Sources */,
				CB9B1450278F5DE00057DDD9 /* TodayCell.swift in Sources */,
				CB9B1444278ECB630057DDD9 /* NetworkService.swift in Sources */,
				CB282E4C27908F9D00121FC0 /* SearchRouter.swift in Sources */,
				CB9B144D278F27010057DDD9 /* UIView+Extension.swift in Sources */,
				CB9B143B278EC1460057DDD9 /* TodayRouter.swift in Sources */,
				CB9B143D278EC1460057DDD9 /* TodayViewController.swift in Sources */,
				CB282E4D27908F9D00121FC0 /* SearchModels.swift in Sources */,
				CB282E5527909D9100121FC0 /* SearchWorker.swift in Sources */,
				CB282E3A278F817300121FC0 /* TodayHeader.swift in Sources */,
				CB282E442790888E00121FC0 /* MainTabbarController.swift in Sources */,
				CB9B143A278EC1460057DDD9 /* TodayPresenter.swift in Sources */,
				CB9B1440278EC4530057DDD9 /* Environment.swift in Sources */,
				CB9B1446278EDB920057DDD9 /* PhotoModel.swift in Sources */,
				CB9B143E278EC1460057DDD9 /* TodayInteractor.swift in Sources */,
				CB9B1405278EC0D90057DDD9 /* AppDelegate.swift in Sources */,
				CB282E36278F7A0F00121FC0 /* DetailsModels.swift in Sources */,
				CB282E37278F7A0F00121FC0 /* DetailsViewController.swift in Sources */,
				CB282E35278F7A0F00121FC0 /* DetailsRouter.swift in Sources */,
				CB282E3C278F9EE900121FC0 /* DetailsWorker.swift in Sources */,
				CB282E51279095BD00121FC0 /* CollectionViewFactory.swift in Sources */,
				CB282E42279021C500121FC0 /* TransitionManager.swift in Sources */,
				CB282E38278F7A0F00121FC0 /* DetailsInteractor.swift in Sources */,
				CB9B1442278ECB500057DDD9 /* TodayWorker.swift in Sources */,
				CB9B1407278EC0D90057DDD9 /* SceneDelegate.swift in Sources */,
				CB282E4F27908F9D00121FC0 /* SearchInteractor.swift in Sources */,
				CB282E5327909B5300121FC0 /* PictureModel.swift in Sources */,
				CB282E4B27908F9D00121FC0 /* SearchPresenter.swift in Sources */,
				CB9B143C278EC1460057DDD9 /* TodayModels.swift in Sources */,
				CB282E34278F7A0F00121FC0 /* DetailsPresenter.swift in Sources */,
				CB282E3F279019E700121FC0 /* DetailsFooter.swift in Sources */,
				CB282E4E27908F9D00121FC0 /* SearchViewController.swift in Sources */,
			);
			runOnlyForDeploymentPostprocessing = 0;
		};
		CB9B1413278EC0DB0057DDD9 /* Sources */ = {
			isa = PBXSourcesBuildPhase;
			buildActionMask = 2147483647;
			files = (
				CB9B141C278EC0DB0057DDD9 /* PicturePickerTests.swift in Sources */,
			);
			runOnlyForDeploymentPostprocessing = 0;
		};
		CB9B141D278EC0DB0057DDD9 /* Sources */ = {
			isa = PBXSourcesBuildPhase;
			buildActionMask = 2147483647;
			files = (
				CB9B1426278EC0DB0057DDD9 /* PicturePickerUITests.swift in Sources */,
				CB9B1428278EC0DB0057DDD9 /* PicturePickerUITestsLaunchTests.swift in Sources */,
			);
			runOnlyForDeploymentPostprocessing = 0;
		};
/* End PBXSourcesBuildPhase section */

/* Begin PBXTargetDependency section */
		CB9B1419278EC0DB0057DDD9 /* PBXTargetDependency */ = {
			isa = PBXTargetDependency;
			target = CB9B1400278EC0D90057DDD9 /* PicturePicker */;
			targetProxy = CB9B1418278EC0DB0057DDD9 /* PBXContainerItemProxy */;
		};
		CB9B1423278EC0DB0057DDD9 /* PBXTargetDependency */ = {
			isa = PBXTargetDependency;
			target = CB9B1400278EC0D90057DDD9 /* PicturePicker */;
			targetProxy = CB9B1422278EC0DB0057DDD9 /* PBXContainerItemProxy */;
		};
/* End PBXTargetDependency section */

/* Begin PBXVariantGroup section */
		CB9B140F278EC0DB0057DDD9 /* LaunchScreen.storyboard */ = {
			isa = PBXVariantGroup;
			children = (
				CB9B1410278EC0DB0057DDD9 /* Base */,
			);
			name = LaunchScreen.storyboard;
			sourceTree = "<group>";
		};
/* End PBXVariantGroup section */

/* Begin XCBuildConfiguration section */
		CB9B1429278EC0DB0057DDD9 /* Debug */ = {
			isa = XCBuildConfiguration;
			buildSettings = {
				ALWAYS_SEARCH_USER_PATHS = NO;
				CLANG_ANALYZER_NONNULL = YES;
				CLANG_ANALYZER_NUMBER_OBJECT_CONVERSION = YES_AGGRESSIVE;
				CLANG_CXX_LANGUAGE_STANDARD = "gnu++17";
				CLANG_CXX_LIBRARY = "libc++";
				CLANG_ENABLE_MODULES = YES;
				CLANG_ENABLE_OBJC_ARC = YES;
				CLANG_ENABLE_OBJC_WEAK = YES;
				CLANG_WARN_BLOCK_CAPTURE_AUTORELEASING = YES;
				CLANG_WARN_BOOL_CONVERSION = YES;
				CLANG_WARN_COMMA = YES;
				CLANG_WARN_CONSTANT_CONVERSION = YES;
				CLANG_WARN_DEPRECATED_OBJC_IMPLEMENTATIONS = YES;
				CLANG_WARN_DIRECT_OBJC_ISA_USAGE = YES_ERROR;
				CLANG_WARN_DOCUMENTATION_COMMENTS = YES;
				CLANG_WARN_EMPTY_BODY = YES;
				CLANG_WARN_ENUM_CONVERSION = YES;
				CLANG_WARN_INFINITE_RECURSION = YES;
				CLANG_WARN_INT_CONVERSION = YES;
				CLANG_WARN_NON_LITERAL_NULL_CONVERSION = YES;
				CLANG_WARN_OBJC_IMPLICIT_RETAIN_SELF = YES;
				CLANG_WARN_OBJC_LITERAL_CONVERSION = YES;
				CLANG_WARN_OBJC_ROOT_CLASS = YES_ERROR;
				CLANG_WARN_QUOTED_INCLUDE_IN_FRAMEWORK_HEADER = YES;
				CLANG_WARN_RANGE_LOOP_ANALYSIS = YES;
				CLANG_WARN_STRICT_PROTOTYPES = YES;
				CLANG_WARN_SUSPICIOUS_MOVE = YES;
				CLANG_WARN_UNGUARDED_AVAILABILITY = YES_AGGRESSIVE;
				CLANG_WARN_UNREACHABLE_CODE = YES;
				CLANG_WARN__DUPLICATE_METHOD_MATCH = YES;
				COPY_PHASE_STRIP = NO;
				DEBUG_INFORMATION_FORMAT = dwarf;
				ENABLE_STRICT_OBJC_MSGSEND = YES;
				ENABLE_TESTABILITY = YES;
				GCC_C_LANGUAGE_STANDARD = gnu11;
				GCC_DYNAMIC_NO_PIC = NO;
				GCC_NO_COMMON_BLOCKS = YES;
				GCC_OPTIMIZATION_LEVEL = 0;
				GCC_PREPROCESSOR_DEFINITIONS = (
					"DEBUG=1",
					"$(inherited)",
				);
				GCC_WARN_64_TO_32_BIT_CONVERSION = YES;
				GCC_WARN_ABOUT_RETURN_TYPE = YES_ERROR;
				GCC_WARN_UNDECLARED_SELECTOR = YES;
				GCC_WARN_UNINITIALIZED_AUTOS = YES_AGGRESSIVE;
				GCC_WARN_UNUSED_FUNCTION = YES;
				GCC_WARN_UNUSED_VARIABLE = YES;
				IPHONEOS_DEPLOYMENT_TARGET = 13.0;
				MTL_ENABLE_DEBUG_INFO = INCLUDE_SOURCE;
				MTL_FAST_MATH = YES;
				ONLY_ACTIVE_ARCH = YES;
				SDKROOT = iphoneos;
				SWIFT_ACTIVE_COMPILATION_CONDITIONS = DEBUG;
				SWIFT_OPTIMIZATION_LEVEL = "-Onone";
			};
			name = Debug;
		};
		CB9B142A278EC0DB0057DDD9 /* Release */ = {
			isa = XCBuildConfiguration;
			buildSettings = {
				ALWAYS_SEARCH_USER_PATHS = NO;
				CLANG_ANALYZER_NONNULL = YES;
				CLANG_ANALYZER_NUMBER_OBJECT_CONVERSION = YES_AGGRESSIVE;
				CLANG_CXX_LANGUAGE_STANDARD = "gnu++17";
				CLANG_CXX_LIBRARY = "libc++";
				CLANG_ENABLE_MODULES = YES;
				CLANG_ENABLE_OBJC_ARC = YES;
				CLANG_ENABLE_OBJC_WEAK = YES;
				CLANG_WARN_BLOCK_CAPTURE_AUTORELEASING = YES;
				CLANG_WARN_BOOL_CONVERSION = YES;
				CLANG_WARN_COMMA = YES;
				CLANG_WARN_CONSTANT_CONVERSION = YES;
				CLANG_WARN_DEPRECATED_OBJC_IMPLEMENTATIONS = YES;
				CLANG_WARN_DIRECT_OBJC_ISA_USAGE = YES_ERROR;
				CLANG_WARN_DOCUMENTATION_COMMENTS = YES;
				CLANG_WARN_EMPTY_BODY = YES;
				CLANG_WARN_ENUM_CONVERSION = YES;
				CLANG_WARN_INFINITE_RECURSION = YES;
				CLANG_WARN_INT_CONVERSION = YES;
				CLANG_WARN_NON_LITERAL_NULL_CONVERSION = YES;
				CLANG_WARN_OBJC_IMPLICIT_RETAIN_SELF = YES;
				CLANG_WARN_OBJC_LITERAL_CONVERSION = YES;
				CLANG_WARN_OBJC_ROOT_CLASS = YES_ERROR;
				CLANG_WARN_QUOTED_INCLUDE_IN_FRAMEWORK_HEADER = YES;
				CLANG_WARN_RANGE_LOOP_ANALYSIS = YES;
				CLANG_WARN_STRICT_PROTOTYPES = YES;
				CLANG_WARN_SUSPICIOUS_MOVE = YES;
				CLANG_WARN_UNGUARDED_AVAILABILITY = YES_AGGRESSIVE;
				CLANG_WARN_UNREACHABLE_CODE = YES;
				CLANG_WARN__DUPLICATE_METHOD_MATCH = YES;
				COPY_PHASE_STRIP = NO;
				DEBUG_INFORMATION_FORMAT = "dwarf-with-dsym";
				ENABLE_NS_ASSERTIONS = NO;
				ENABLE_STRICT_OBJC_MSGSEND = YES;
				GCC_C_LANGUAGE_STANDARD = gnu11;
				GCC_NO_COMMON_BLOCKS = YES;
				GCC_WARN_64_TO_32_BIT_CONVERSION = YES;
				GCC_WARN_ABOUT_RETURN_TYPE = YES_ERROR;
				GCC_WARN_UNDECLARED_SELECTOR = YES;
				GCC_WARN_UNINITIALIZED_AUTOS = YES_AGGRESSIVE;
				GCC_WARN_UNUSED_FUNCTION = YES;
				GCC_WARN_UNUSED_VARIABLE = YES;
				IPHONEOS_DEPLOYMENT_TARGET = 13.0;
				MTL_ENABLE_DEBUG_INFO = NO;
				MTL_FAST_MATH = YES;
				SDKROOT = iphoneos;
				SWIFT_COMPILATION_MODE = wholemodule;
				SWIFT_OPTIMIZATION_LEVEL = "-O";
				VALIDATE_PRODUCT = YES;
			};
			name = Release;
		};
		CB9B142C278EC0DB0057DDD9 /* Debug */ = {
			isa = XCBuildConfiguration;
			buildSettings = {
				ASSETCATALOG_COMPILER_APPICON_NAME = AppIcon;
				ASSETCATALOG_COMPILER_GLOBAL_ACCENT_COLOR_NAME = AccentColor;
				CODE_SIGN_STYLE = Automatic;
				CURRENT_PROJECT_VERSION = 1;
				DEVELOPMENT_TEAM = CGL8TK7G3W;
				GENERATE_INFOPLIST_FILE = YES;
				INFOPLIST_FILE = PicturePicker/Info.plist;
				INFOPLIST_KEY_UIApplicationSupportsIndirectInputEvents = YES;
				INFOPLIST_KEY_UILaunchStoryboardName = LaunchScreen;
				INFOPLIST_KEY_UIRequiresFullScreen = YES;
				INFOPLIST_KEY_UIStatusBarHidden = YES;
				INFOPLIST_KEY_UISupportedInterfaceOrientations = "";
				INFOPLIST_KEY_UISupportedInterfaceOrientations_iPad = "UIInterfaceOrientationPortrait UIInterfaceOrientationPortraitUpsideDown UIInterfaceOrientationLandscapeLeft UIInterfaceOrientationLandscapeRight";
				INFOPLIST_KEY_UISupportedInterfaceOrientations_iPhone = "UIInterfaceOrientationPortrait UIInterfaceOrientationLandscapeLeft UIInterfaceOrientationLandscapeRight";
				IPHONEOS_DEPLOYMENT_TARGET = 13.0;
				LD_RUNPATH_SEARCH_PATHS = (
					"$(inherited)",
					"@executable_path/Frameworks",
				);
				MARKETING_VERSION = 1.0;
				PRODUCT_BUNDLE_IDENTIFIER = SivanesanJegathas.PicturePicker;
				PRODUCT_NAME = "$(TARGET_NAME)";
				SWIFT_EMIT_LOC_STRINGS = YES;
				SWIFT_VERSION = 5.0;
				TARGETED_DEVICE_FAMILY = "1,2";
			};
			name = Debug;
		};
		CB9B142D278EC0DB0057DDD9 /* Release */ = {
			isa = XCBuildConfiguration;
			buildSettings = {
				ASSETCATALOG_COMPILER_APPICON_NAME = AppIcon;
				ASSETCATALOG_COMPILER_GLOBAL_ACCENT_COLOR_NAME = AccentColor;
				CODE_SIGN_STYLE = Automatic;
				CURRENT_PROJECT_VERSION = 1;
				DEVELOPMENT_TEAM = CGL8TK7G3W;
				GENERATE_INFOPLIST_FILE = YES;
				INFOPLIST_FILE = PicturePicker/Info.plist;
				INFOPLIST_KEY_UIApplicationSupportsIndirectInputEvents = YES;
				INFOPLIST_KEY_UILaunchStoryboardName = LaunchScreen;
				INFOPLIST_KEY_UIRequiresFullScreen = YES;
				INFOPLIST_KEY_UIStatusBarHidden = YES;
				INFOPLIST_KEY_UISupportedInterfaceOrientations = "";
				INFOPLIST_KEY_UISupportedInterfaceOrientations_iPad = "UIInterfaceOrientationPortrait UIInterfaceOrientationPortraitUpsideDown UIInterfaceOrientationLandscapeLeft UIInterfaceOrientationLandscapeRight";
				INFOPLIST_KEY_UISupportedInterfaceOrientations_iPhone = "UIInterfaceOrientationPortrait UIInterfaceOrientationLandscapeLeft UIInterfaceOrientationLandscapeRight";
				IPHONEOS_DEPLOYMENT_TARGET = 13.0;
				LD_RUNPATH_SEARCH_PATHS = (
					"$(inherited)",
					"@executable_path/Frameworks",
				);
				MARKETING_VERSION = 1.0;
				PRODUCT_BUNDLE_IDENTIFIER = SivanesanJegathas.PicturePicker;
				PRODUCT_NAME = "$(TARGET_NAME)";
				SWIFT_EMIT_LOC_STRINGS = YES;
				SWIFT_VERSION = 5.0;
				TARGETED_DEVICE_FAMILY = "1,2";
			};
			name = Release;
		};
		CB9B142F278EC0DB0057DDD9 /* Debug */ = {
			isa = XCBuildConfiguration;
			buildSettings = {
				ALWAYS_EMBED_SWIFT_STANDARD_LIBRARIES = YES;
				BUNDLE_LOADER = "$(TEST_HOST)";
				CODE_SIGN_STYLE = Automatic;
				CURRENT_PROJECT_VERSION = 1;
				DEVELOPMENT_TEAM = CGL8TK7G3W;
				GENERATE_INFOPLIST_FILE = YES;
				IPHONEOS_DEPLOYMENT_TARGET = 15.0;
				LD_RUNPATH_SEARCH_PATHS = (
					"$(inherited)",
					"@executable_path/Frameworks",
					"@loader_path/Frameworks",
				);
				MARKETING_VERSION = 1.0;
				PRODUCT_BUNDLE_IDENTIFIER = SivanesanJegathas.PicturePickerTests;
				PRODUCT_NAME = "$(TARGET_NAME)";
				SWIFT_EMIT_LOC_STRINGS = NO;
				SWIFT_VERSION = 5.0;
				TARGETED_DEVICE_FAMILY = "1,2";
				TEST_HOST = "$(BUILT_PRODUCTS_DIR)/PicturePicker.app/PicturePicker";
			};
			name = Debug;
		};
		CB9B1430278EC0DB0057DDD9 /* Release */ = {
			isa = XCBuildConfiguration;
			buildSettings = {
				ALWAYS_EMBED_SWIFT_STANDARD_LIBRARIES = YES;
				BUNDLE_LOADER = "$(TEST_HOST)";
				CODE_SIGN_STYLE = Automatic;
				CURRENT_PROJECT_VERSION = 1;
				DEVELOPMENT_TEAM = CGL8TK7G3W;
				GENERATE_INFOPLIST_FILE = YES;
				IPHONEOS_DEPLOYMENT_TARGET = 15.0;
				LD_RUNPATH_SEARCH_PATHS = (
					"$(inherited)",
					"@executable_path/Frameworks",
					"@loader_path/Frameworks",
				);
				MARKETING_VERSION = 1.0;
				PRODUCT_BUNDLE_IDENTIFIER = SivanesanJegathas.PicturePickerTests;
				PRODUCT_NAME = "$(TARGET_NAME)";
				SWIFT_EMIT_LOC_STRINGS = NO;
				SWIFT_VERSION = 5.0;
				TARGETED_DEVICE_FAMILY = "1,2";
				TEST_HOST = "$(BUILT_PRODUCTS_DIR)/PicturePicker.app/PicturePicker";
			};
			name = Release;
		};
		CB9B1432278EC0DB0057DDD9 /* Debug */ = {
			isa = XCBuildConfiguration;
			buildSettings = {
				ALWAYS_EMBED_SWIFT_STANDARD_LIBRARIES = YES;
				CODE_SIGN_STYLE = Automatic;
				CURRENT_PROJECT_VERSION = 1;
				DEVELOPMENT_TEAM = CGL8TK7G3W;
				GENERATE_INFOPLIST_FILE = YES;
				LD_RUNPATH_SEARCH_PATHS = (
					"$(inherited)",
					"@executable_path/Frameworks",
					"@loader_path/Frameworks",
				);
				MARKETING_VERSION = 1.0;
				PRODUCT_BUNDLE_IDENTIFIER = SivanesanJegathas.PicturePickerUITests;
				PRODUCT_NAME = "$(TARGET_NAME)";
				SWIFT_EMIT_LOC_STRINGS = NO;
				SWIFT_VERSION = 5.0;
				TARGETED_DEVICE_FAMILY = "1,2";
				TEST_TARGET_NAME = PicturePicker;
			};
			name = Debug;
		};
		CB9B1433278EC0DB0057DDD9 /* Release */ = {
			isa = XCBuildConfiguration;
			buildSettings = {
				ALWAYS_EMBED_SWIFT_STANDARD_LIBRARIES = YES;
				CODE_SIGN_STYLE = Automatic;
				CURRENT_PROJECT_VERSION = 1;
				DEVELOPMENT_TEAM = CGL8TK7G3W;
				GENERATE_INFOPLIST_FILE = YES;
				LD_RUNPATH_SEARCH_PATHS = (
					"$(inherited)",
					"@executable_path/Frameworks",
					"@loader_path/Frameworks",
				);
				MARKETING_VERSION = 1.0;
				PRODUCT_BUNDLE_IDENTIFIER = SivanesanJegathas.PicturePickerUITests;
				PRODUCT_NAME = "$(TARGET_NAME)";
				SWIFT_EMIT_LOC_STRINGS = NO;
				SWIFT_VERSION = 5.0;
				TARGETED_DEVICE_FAMILY = "1,2";
				TEST_TARGET_NAME = PicturePicker;
			};
			name = Release;
		};
/* End XCBuildConfiguration section */

/* Begin XCConfigurationList section */
		CB9B13FC278EC0D90057DDD9 /* Build configuration list for PBXProject "PicturePicker" */ = {
			isa = XCConfigurationList;
			buildConfigurations = (
				CB9B1429278EC0DB0057DDD9 /* Debug */,
				CB9B142A278EC0DB0057DDD9 /* Release */,
			);
			defaultConfigurationIsVisible = 0;
			defaultConfigurationName = Release;
		};
		CB9B142B278EC0DB0057DDD9 /* Build configuration list for PBXNativeTarget "PicturePicker" */ = {
			isa = XCConfigurationList;
			buildConfigurations = (
				CB9B142C278EC0DB0057DDD9 /* Debug */,
				CB9B142D278EC0DB0057DDD9 /* Release */,
			);
			defaultConfigurationIsVisible = 0;
			defaultConfigurationName = Release;
		};
		CB9B142E278EC0DB0057DDD9 /* Build configuration list for PBXNativeTarget "PicturePickerTests" */ = {
			isa = XCConfigurationList;
			buildConfigurations = (
				CB9B142F278EC0DB0057DDD9 /* Debug */,
				CB9B1430278EC0DB0057DDD9 /* Release */,
			);
			defaultConfigurationIsVisible = 0;
			defaultConfigurationName = Release;
		};
		CB9B1431278EC0DB0057DDD9 /* Build configuration list for PBXNativeTarget "PicturePickerUITests" */ = {
			isa = XCConfigurationList;
			buildConfigurations = (
				CB9B1432278EC0DB0057DDD9 /* Debug */,
				CB9B1433278EC0DB0057DDD9 /* Release */,
			);
			defaultConfigurationIsVisible = 0;
			defaultConfigurationName = Release;
		};
/* End XCConfigurationList section */
	};
	rootObject = CB9B13F9278EC0D90057DDD9 /* Project object */;
}
